// !$*UTF8*$!
{
	archiveVersion = 1;
	classes = {
	};
	objectVersion = 56;
	objects = {

/* Begin PBXBuildFile section */
		163C556A29E67B380083DEE5 /* AppDelegate.swift in Sources */ = {isa = PBXBuildFile; fileRef = 163C556929E67B380083DEE5 /* AppDelegate.swift */; };
		163C556C29E67B380083DEE5 /* SceneDelegate.swift in Sources */ = {isa = PBXBuildFile; fileRef = 163C556B29E67B380083DEE5 /* SceneDelegate.swift */; };
		163C556E29E67B380083DEE5 /* FirstScreen.swift in Sources */ = {isa = PBXBuildFile; fileRef = 163C556D29E67B380083DEE5 /* FirstScreen.swift */; };
		163C557329E67B390083DEE5 /* Assets.xcassets in Resources */ = {isa = PBXBuildFile; fileRef = 163C557229E67B390083DEE5 /* Assets.xcassets */; };
		163C557629E67B390083DEE5 /* LaunchScreen.storyboard in Resources */ = {isa = PBXBuildFile; fileRef = 163C557429E67B390083DEE5 /* LaunchScreen.storyboard */; };
		163C558129E67B390083DEE5 /* swiftuikitTests.swift in Sources */ = {isa = PBXBuildFile; fileRef = 163C558029E67B390083DEE5 /* swiftuikitTests.swift */; };
		163C558B29E67B390083DEE5 /* swiftuikitUITests.swift in Sources */ = {isa = PBXBuildFile; fileRef = 163C558A29E67B390083DEE5 /* swiftuikitUITests.swift */; };
		163C558D29E67B390083DEE5 /* swiftuikitUITestsLaunchTests.swift in Sources */ = {isa = PBXBuildFile; fileRef = 163C558C29E67B390083DEE5 /* swiftuikitUITestsLaunchTests.swift */; };
		163C559A29EE731E0083DEE5 /* SecondScreen.swift in Sources */ = {isa = PBXBuildFile; fileRef = 163C559929EE731E0083DEE5 /* SecondScreen.swift */; };
		163C559C29EE9D350083DEE5 /* ThirdScreen.swift in Sources */ = {isa = PBXBuildFile; fileRef = 163C559B29EE9D350083DEE5 /* ThirdScreen.swift */; };
/* End PBXBuildFile section */

/* Begin PBXContainerItemProxy section */
		163C557D29E67B390083DEE5 /* PBXContainerItemProxy */ = {
			isa = PBXContainerItemProxy;
			containerPortal = 163C555E29E67B380083DEE5 /* Project object */;
			proxyType = 1;
			remoteGlobalIDString = 163C556529E67B380083DEE5;
			remoteInfo = swiftuikit;
		};
		163C558729E67B390083DEE5 /* PBXContainerItemProxy */ = {
			isa = PBXContainerItemProxy;
			containerPortal = 163C555E29E67B380083DEE5 /* Project object */;
			proxyType = 1;
			remoteGlobalIDString = 163C556529E67B380083DEE5;
			remoteInfo = swiftuikit;
		};
/* End PBXContainerItemProxy section */

/* Begin PBXFileReference section */
		163C556629E67B380083DEE5 /* swiftuikit.app */ = {isa = PBXFileReference; explicitFileType = wrapper.application; includeInIndex = 0; path = swiftuikit.app; sourceTree = BUILT_PRODUCTS_DIR; };
		163C556929E67B380083DEE5 /* AppDelegate.swift */ = {isa = PBXFileReference; lastKnownFileType = sourcecode.swift; path = AppDelegate.swift; sourceTree = "<group>"; };
		163C556B29E67B380083DEE5 /* SceneDelegate.swift */ = {isa = PBXFileReference; lastKnownFileType = sourcecode.swift; path = SceneDelegate.swift; sourceTree = "<group>"; };
		163C556D29E67B380083DEE5 /* FirstScreen.swift */ = {isa = PBXFileReference; lastKnownFileType = sourcecode.swift; path = FirstScreen.swift; sourceTree = "<group>"; };
		163C557229E67B390083DEE5 /* Assets.xcassets */ = {isa = PBXFileReference; lastKnownFileType = folder.assetcatalog; path = Assets.xcassets; sourceTree = "<group>"; };
		163C557529E67B390083DEE5 /* Base */ = {isa = PBXFileReference; lastKnownFileType = file.storyboard; name = Base; path = Base.lproj/LaunchScreen.storyboard; sourceTree = "<group>"; };
		163C557729E67B390083DEE5 /* Info.plist */ = {isa = PBXFileReference; lastKnownFileType = text.plist.xml; path = Info.plist; sourceTree = "<group>"; };
		163C557C29E67B390083DEE5 /* swiftuikitTests.xctest */ = {isa = PBXFileReference; explicitFileType = wrapper.cfbundle; includeInIndex = 0; path = swiftuikitTests.xctest; sourceTree = BUILT_PRODUCTS_DIR; };
		163C558029E67B390083DEE5 /* swiftuikitTests.swift */ = {isa = PBXFileReference; lastKnownFileType = sourcecode.swift; path = swiftuikitTests.swift; sourceTree = "<group>"; };
		163C558629E67B390083DEE5 /* swiftuikitUITests.xctest */ = {isa = PBXFileReference; explicitFileType = wrapper.cfbundle; includeInIndex = 0; path = swiftuikitUITests.xctest; sourceTree = BUILT_PRODUCTS_DIR; };
		163C558A29E67B390083DEE5 /* swiftuikitUITests.swift */ = {isa = PBXFileReference; lastKnownFileType = sourcecode.swift; path = swiftuikitUITests.swift; sourceTree = "<group>"; };
		163C558C29E67B390083DEE5 /* swiftuikitUITestsLaunchTests.swift */ = {isa = PBXFileReference; lastKnownFileType = sourcecode.swift; path = swiftuikitUITestsLaunchTests.swift; sourceTree = "<group>"; };
		163C559929EE731E0083DEE5 /* SecondScreen.swift */ = {isa = PBXFileReference; lastKnownFileType = sourcecode.swift; path = SecondScreen.swift; sourceTree = "<group>"; };
		163C559B29EE9D350083DEE5 /* ThirdScreen.swift */ = {isa = PBXFileReference; lastKnownFileType = sourcecode.swift; path = ThirdScreen.swift; sourceTree = "<group>"; };
/* End PBXFileReference section */

/* Begin PBXFrameworksBuildPhase section */
		163C556329E67B380083DEE5 /* Frameworks */ = {
			isa = PBXFrameworksBuildPhase;
			buildActionMask = 2147483647;
			files = (
			);
			runOnlyForDeploymentPostprocessing = 0;
		};
		163C557929E67B390083DEE5 /* Frameworks */ = {
			isa = PBXFrameworksBuildPhase;
			buildActionMask = 2147483647;
			files = (
			);
			runOnlyForDeploymentPostprocessing = 0;
		};
		163C558329E67B390083DEE5 /* Frameworks */ = {
			isa = PBXFrameworksBuildPhase;
			buildActionMask = 2147483647;
			files = (
			);
			runOnlyForDeploymentPostprocessing = 0;
		};
/* End PBXFrameworksBuildPhase section */

/* Begin PBXGroup section */
		163C555D29E67B380083DEE5 = {
			isa = PBXGroup;
			children = (
				163C556829E67B380083DEE5 /* swiftuikit */,
				163C557F29E67B390083DEE5 /* swiftuikitTests */,
				163C558929E67B390083DEE5 /* swiftuikitUITests */,
				163C556729E67B380083DEE5 /* Products */,
			);
			sourceTree = "<group>";
		};
		163C556729E67B380083DEE5 /* Products */ = {
			isa = PBXGroup;
			children = (
				163C556629E67B380083DEE5 /* swiftuikit.app */,
				163C557C29E67B390083DEE5 /* swiftuikitTests.xctest */,
				163C558629E67B390083DEE5 /* swiftuikitUITests.xctest */,
			);
			name = Products;
			sourceTree = "<group>";
		};
		163C556829E67B380083DEE5 /* swiftuikit */ = {
			isa = PBXGroup;
			children = (
				163C556929E67B380083DEE5 /* AppDelegate.swift */,
				163C556B29E67B380083DEE5 /* SceneDelegate.swift */,
				163C556D29E67B380083DEE5 /* FirstScreen.swift */,
				163C557229E67B390083DEE5 /* Assets.xcassets */,
				163C557429E67B390083DEE5 /* LaunchScreen.storyboard */,
				163C557729E67B390083DEE5 /* Info.plist */,
				163C559929EE731E0083DEE5 /* SecondScreen.swift */,
				163C559B29EE9D350083DEE5 /* ThirdScreen.swift */,
			);
			path = swiftuikit;
			sourceTree = "<group>";
		};
		163C557F29E67B390083DEE5 /* swiftuikitTests */ = {
			isa = PBXGroup;
			children = (
				163C558029E67B390083DEE5 /* swiftuikitTests.swift */,
			);
			path = swiftuikitTests;
			sourceTree = "<group>";
		};
		163C558929E67B390083DEE5 /* swiftuikitUITests */ = {
			isa = PBXGroup;
			children = (
				163C558A29E67B390083DEE5 /* swiftuikitUITests.swift */,
				163C558C29E67B390083DEE5 /* swiftuikitUITestsLaunchTests.swift */,
			);
			path = swiftuikitUITests;
			sourceTree = "<group>";
		};
/* End PBXGroup section */

/* Begin PBXNativeTarget section */
		163C556529E67B380083DEE5 /* swiftuikit */ = {
			isa = PBXNativeTarget;
			buildConfigurationList = 163C559029E67B390083DEE5 /* Build configuration list for PBXNativeTarget "swiftuikit" */;
			buildPhases = (
				163C556229E67B380083DEE5 /* Sources */,
				163C556329E67B380083DEE5 /* Frameworks */,
				163C556429E67B380083DEE5 /* Resources */,
			);
			buildRules = (
			);
			dependencies = (
			);
			name = swiftuikit;
			productName = swiftuikit;
			productReference = 163C556629E67B380083DEE5 /* swiftuikit.app */;
			productType = "com.apple.product-type.application";
		};
		163C557B29E67B390083DEE5 /* swiftuikitTests */ = {
			isa = PBXNativeTarget;
			buildConfigurationList = 163C559329E67B390083DEE5 /* Build configuration list for PBXNativeTarget "swiftuikitTests" */;
			buildPhases = (
				163C557829E67B390083DEE5 /* Sources */,
				163C557929E67B390083DEE5 /* Frameworks */,
				163C557A29E67B390083DEE5 /* Resources */,
			);
			buildRules = (
			);
			dependencies = (
				163C557E29E67B390083DEE5 /* PBXTargetDependency */,
			);
			name = swiftuikitTests;
			productName = swiftuikitTests;
			productReference = 163C557C29E67B390083DEE5 /* swiftuikitTests.xctest */;
			productType = "com.apple.product-type.bundle.unit-test";
		};
		163C558529E67B390083DEE5 /* swiftuikitUITests */ = {
			isa = PBXNativeTarget;
			buildConfigurationList = 163C559629E67B390083DEE5 /* Build configuration list for PBXNativeTarget "swiftuikitUITests" */;
			buildPhases = (
				163C558229E67B390083DEE5 /* Sources */,
				163C558329E67B390083DEE5 /* Frameworks */,
				163C558429E67B390083DEE5 /* Resources */,
			);
			buildRules = (
			);
			dependencies = (
				163C558829E67B390083DEE5 /* PBXTargetDependency */,
			);
			name = swiftuikitUITests;
			productName = swiftuikitUITests;
			productReference = 163C558629E67B390083DEE5 /* swiftuikitUITests.xctest */;
			productType = "com.apple.product-type.bundle.ui-testing";
		};
/* End PBXNativeTarget section */

/* Begin PBXProject section */
		163C555E29E67B380083DEE5 /* Project object */ = {
			isa = PBXProject;
			attributes = {
				BuildIndependentTargetsInParallel = 1;
				LastSwiftUpdateCheck = 1420;
				LastUpgradeCheck = 1420;
				TargetAttributes = {
					163C556529E67B380083DEE5 = {
						CreatedOnToolsVersion = 14.2;
					};
					163C557B29E67B390083DEE5 = {
						CreatedOnToolsVersion = 14.2;
						TestTargetID = 163C556529E67B380083DEE5;
					};
					163C558529E67B390083DEE5 = {
						CreatedOnToolsVersion = 14.2;
						TestTargetID = 163C556529E67B380083DEE5;
					};
				};
			};
			buildConfigurationList = 163C556129E67B380083DEE5 /* Build configuration list for PBXProject "swiftuikit" */;
			compatibilityVersion = "Xcode 14.0";
			developmentRegion = en;
			hasScannedForEncodings = 0;
			knownRegions = (
				en,
				Base,
			);
			mainGroup = 163C555D29E67B380083DEE5;
			productRefGroup = 163C556729E67B380083DEE5 /* Products */;
			projectDirPath = "";
			projectRoot = "";
			targets = (
				163C556529E67B380083DEE5 /* swiftuikit */,
				163C557B29E67B390083DEE5 /* swiftuikitTests */,
				163C558529E67B390083DEE5 /* swiftuikitUITests */,
			);
		};
/* End PBXProject section */

/* Begin PBXResourcesBuildPhase section */
		163C556429E67B380083DEE5 /* Resources */ = {
			isa = PBXResourcesBuildPhase;
			buildActionMask = 2147483647;
			files = (
				163C557629E67B390083DEE5 /* LaunchScreen.storyboard in Resources */,
				163C557329E67B390083DEE5 /* Assets.xcassets in Resources */,
			);
			runOnlyForDeploymentPostprocessing = 0;
		};
		163C557A29E67B390083DEE5 /* Resources */ = {
			isa = PBXResourcesBuildPhase;
			buildActionMask = 2147483647;
			files = (
			);
			runOnlyForDeploymentPostprocessing = 0;
		};
		163C558429E67B390083DEE5 /* Resources */ = {
			isa = PBXResourcesBuildPhase;
			buildActionMask = 2147483647;
			files = (
			);
			runOnlyForDeploymentPostprocessing = 0;
		};
/* End PBXResourcesBuildPhase section */

/* Begin PBXSourcesBuildPhase section */
		163C556229E67B380083DEE5 /* Sources */ = {
			isa = PBXSourcesBuildPhase;
			buildActionMask = 2147483647;
			files = (
				163C559A29EE731E0083DEE5 /* SecondScreen.swift in Sources */,
				163C556E29E67B380083DEE5 /* FirstScreen.swift in Sources */,
				163C559C29EE9D350083DEE5 /* ThirdScreen.swift in Sources */,
				163C556A29E67B380083DEE5 /* AppDelegate.swift in Sources */,
				163C556C29E67B380083DEE5 /* SceneDelegate.swift in Sources */,
			);
			runOnlyForDeploymentPostprocessing = 0;
		};
		163C557829E67B390083DEE5 /* Sources */ = {
			isa = PBXSourcesBuildPhase;
			buildActionMask = 2147483647;
			files = (
				163C558129E67B390083DEE5 /* swiftuikitTests.swift in Sources */,
			);
			runOnlyForDeploymentPostprocessing = 0;
		};
		163C558229E67B390083DEE5 /* Sources */ = {
			isa = PBXSourcesBuildPhase;
			buildActionMask = 2147483647;
			files = (
				163C558B29E67B390083DEE5 /* swiftuikitUITests.swift in Sources */,
				163C558D29E67B390083DEE5 /* swiftuikitUITestsLaunchTests.swift in Sources */,
			);
			runOnlyForDeploymentPostprocessing = 0;
		};
/* End PBXSourcesBuildPhase section */

/* Begin PBXTargetDependency section */
		163C557E29E67B390083DEE5 /* PBXTargetDependency */ = {
			isa = PBXTargetDependency;
			target = 163C556529E67B380083DEE5 /* swiftuikit */;
			targetProxy = 163C557D29E67B390083DEE5 /* PBXContainerItemProxy */;
		};
		163C558829E67B390083DEE5 /* PBXTargetDependency */ = {
			isa = PBXTargetDependency;
			target = 163C556529E67B380083DEE5 /* swiftuikit */;
			targetProxy = 163C558729E67B390083DEE5 /* PBXContainerItemProxy */;
		};
/* End PBXTargetDependency section */

/* Begin PBXVariantGroup section */
		163C557429E67B390083DEE5 /* LaunchScreen.storyboard */ = {
			isa = PBXVariantGroup;
			children = (
				163C557529E67B390083DEE5 /* Base */,
			);
			name = LaunchScreen.storyboard;
			sourceTree = "<group>";
		};
/* End PBXVariantGroup section */

/* Begin XCBuildConfiguration section */
		163C558E29E67B390083DEE5 /* Debug */ = {
			isa = XCBuildConfiguration;
			buildSettings = {
				ALWAYS_SEARCH_USER_PATHS = NO;
				CLANG_ANALYZER_NONNULL = YES;
				CLANG_ANALYZER_NUMBER_OBJECT_CONVERSION = YES_AGGRESSIVE;
				CLANG_CXX_LANGUAGE_STANDARD = "gnu++20";
				CLANG_ENABLE_MODULES = YES;
				CLANG_ENABLE_OBJC_ARC = YES;
				CLANG_ENABLE_OBJC_WEAK = YES;
				CLANG_WARN_BLOCK_CAPTURE_AUTORELEASING = YES;
				CLANG_WARN_BOOL_CONVERSION = YES;
				CLANG_WARN_COMMA = YES;
				CLANG_WARN_CONSTANT_CONVERSION = YES;
				CLANG_WARN_DEPRECATED_OBJC_IMPLEMENTATIONS = YES;
				CLANG_WARN_DIRECT_OBJC_ISA_USAGE = YES_ERROR;
				CLANG_WARN_DOCUMENTATION_COMMENTS = YES;
				CLANG_WARN_EMPTY_BODY = YES;
				CLANG_WARN_ENUM_CONVERSION = YES;
				CLANG_WARN_INFINITE_RECURSION = YES;
				CLANG_WARN_INT_CONVERSION = YES;
				CLANG_WARN_NON_LITERAL_NULL_CONVERSION = YES;
				CLANG_WARN_OBJC_IMPLICIT_RETAIN_SELF = YES;
				CLANG_WARN_OBJC_LITERAL_CONVERSION = YES;
				CLANG_WARN_OBJC_ROOT_CLASS = YES_ERROR;
				CLANG_WARN_QUOTED_INCLUDE_IN_FRAMEWORK_HEADER = YES;
				CLANG_WARN_RANGE_LOOP_ANALYSIS = YES;
				CLANG_WARN_STRICT_PROTOTYPES = YES;
				CLANG_WARN_SUSPICIOUS_MOVE = YES;
				CLANG_WARN_UNGUARDED_AVAILABILITY = YES_AGGRESSIVE;
				CLANG_WARN_UNREACHABLE_CODE = YES;
				CLANG_WARN__DUPLICATE_METHOD_MATCH = YES;
				COPY_PHASE_STRIP = NO;
				DEBUG_INFORMATION_FORMAT = dwarf;
				ENABLE_STRICT_OBJC_MSGSEND = YES;
				ENABLE_TESTABILITY = YES;
				GCC_C_LANGUAGE_STANDARD = gnu11;
				GCC_DYNAMIC_NO_PIC = NO;
				GCC_NO_COMMON_BLOCKS = YES;
				GCC_OPTIMIZATION_LEVEL = 0;
				GCC_PREPROCESSOR_DEFINITIONS = (
					"DEBUG=1",
					"$(inherited)",
				);
				GCC_WARN_64_TO_32_BIT_CONVERSION = YES;
				GCC_WARN_ABOUT_RETURN_TYPE = YES_ERROR;
				GCC_WARN_UNDECLARED_SELECTOR = YES;
				GCC_WARN_UNINITIALIZED_AUTOS = YES_AGGRESSIVE;
				GCC_WARN_UNUSED_FUNCTION = YES;
				GCC_WARN_UNUSED_VARIABLE = YES;
				IPHONEOS_DEPLOYMENT_TARGET = 16.2;
				MTL_ENABLE_DEBUG_INFO = INCLUDE_SOURCE;
				MTL_FAST_MATH = YES;
				ONLY_ACTIVE_ARCH = YES;
				SDKROOT = iphoneos;
				SWIFT_ACTIVE_COMPILATION_CONDITIONS = DEBUG;
				SWIFT_OPTIMIZATION_LEVEL = "-Onone";
			};
			name = Debug;
		};
		163C558F29E67B390083DEE5 /* Release */ = {
			isa = XCBuildConfiguration;
			buildSettings = {
				ALWAYS_SEARCH_USER_PATHS = NO;
				CLANG_ANALYZER_NONNULL = YES;
				CLANG_ANALYZER_NUMBER_OBJECT_CONVERSION = YES_AGGRESSIVE;
				CLANG_CXX_LANGUAGE_STANDARD = "gnu++20";
				CLANG_ENABLE_MODULES = YES;
				CLANG_ENABLE_OBJC_ARC = YES;
				CLANG_ENABLE_OBJC_WEAK = YES;
				CLANG_WARN_BLOCK_CAPTURE_AUTORELEASING = YES;
				CLANG_WARN_BOOL_CONVERSION = YES;
				CLANG_WARN_COMMA = YES;
				CLANG_WARN_CONSTANT_CONVERSION = YES;
				CLANG_WARN_DEPRECATED_OBJC_IMPLEMENTATIONS = YES;
				CLANG_WARN_DIRECT_OBJC_ISA_USAGE = YES_ERROR;
				CLANG_WARN_DOCUMENTATION_COMMENTS = YES;
				CLANG_WARN_EMPTY_BODY = YES;
				CLANG_WARN_ENUM_CONVERSION = YES;
				CLANG_WARN_INFINITE_RECURSION = YES;
				CLANG_WARN_INT_CONVERSION = YES;
				CLANG_WARN_NON_LITERAL_NULL_CONVERSION = YES;
				CLANG_WARN_OBJC_IMPLICIT_RETAIN_SELF = YES;
				CLANG_WARN_OBJC_LITERAL_CONVERSION = YES;
				CLANG_WARN_OBJC_ROOT_CLASS = YES_ERROR;
				CLANG_WARN_QUOTED_INCLUDE_IN_FRAMEWORK_HEADER = YES;
				CLANG_WARN_RANGE_LOOP_ANALYSIS = YES;
				CLANG_WARN_STRICT_PROTOTYPES = YES;
				CLANG_WARN_SUSPICIOUS_MOVE = YES;
				CLANG_WARN_UNGUARDED_AVAILABILITY = YES_AGGRESSIVE;
				CLANG_WARN_UNREACHABLE_CODE = YES;
				CLANG_WARN__DUPLICATE_METHOD_MATCH = YES;
				COPY_PHASE_STRIP = NO;
				DEBUG_INFORMATION_FORMAT = "dwarf-with-dsym";
				ENABLE_NS_ASSERTIONS = NO;
				ENABLE_STRICT_OBJC_MSGSEND = YES;
				GCC_C_LANGUAGE_STANDARD = gnu11;
				GCC_NO_COMMON_BLOCKS = YES;
				GCC_WARN_64_TO_32_BIT_CONVERSION = YES;
				GCC_WARN_ABOUT_RETURN_TYPE = YES_ERROR;
				GCC_WARN_UNDECLARED_SELECTOR = YES;
				GCC_WARN_UNINITIALIZED_AUTOS = YES_AGGRESSIVE;
				GCC_WARN_UNUSED_FUNCTION = YES;
				GCC_WARN_UNUSED_VARIABLE = YES;
				IPHONEOS_DEPLOYMENT_TARGET = 16.2;
				MTL_ENABLE_DEBUG_INFO = NO;
				MTL_FAST_MATH = YES;
				SDKROOT = iphoneos;
				SWIFT_COMPILATION_MODE = wholemodule;
				SWIFT_OPTIMIZATION_LEVEL = "-O";
				VALIDATE_PRODUCT = YES;
			};
			name = Release;
		};
		163C559129E67B390083DEE5 /* Debug */ = {
			isa = XCBuildConfiguration;
			buildSettings = {
				ASSETCATALOG_COMPILER_APPICON_NAME = AppIcon;
				ASSETCATALOG_COMPILER_GLOBAL_ACCENT_COLOR_NAME = AccentColor;
				CODE_SIGN_STYLE = Automatic;
				CURRENT_PROJECT_VERSION = 1;
				GENERATE_INFOPLIST_FILE = YES;
				INFOPLIST_FILE = swiftuikit/Info.plist;
				INFOPLIST_KEY_UIApplicationSupportsIndirectInputEvents = YES;
				INFOPLIST_KEY_UILaunchStoryboardName = LaunchScreen;
				INFOPLIST_KEY_UISupportedInterfaceOrientations_iPad = "UIInterfaceOrientationPortrait UIInterfaceOrientationPortraitUpsideDown UIInterfaceOrientationLandscapeLeft UIInterfaceOrientationLandscapeRight";
				INFOPLIST_KEY_UISupportedInterfaceOrientations_iPhone = "UIInterfaceOrientationPortrait UIInterfaceOrientationLandscapeLeft UIInterfaceOrientationLandscapeRight";
				LD_RUNPATH_SEARCH_PATHS = (
					"$(inherited)",
					"@executable_path/Frameworks",
				);
				MARKETING_VERSION = 1.0;
				PRODUCT_BUNDLE_IDENTIFIER = test.swiftuikit;
				PRODUCT_NAME = "$(TARGET_NAME)";
				SWIFT_EMIT_LOC_STRINGS = YES;
				SWIFT_VERSION = 5.0;
				TARGETED_DEVICE_FAMILY = "1,2";
			};
			name = Debug;
		};
		163C559229E67B390083DEE5 /* Release */ = {
			isa = XCBuildConfiguration;
			buildSettings = {
				ASSETCATALOG_COMPILER_APPICON_NAME = AppIcon;
				ASSETCATALOG_COMPILER_GLOBAL_ACCENT_COLOR_NAME = AccentColor;
				CODE_SIGN_STYLE = Automatic;
				CURRENT_PROJECT_VERSION = 1;
				GENERATE_INFOPLIST_FILE = YES;
				INFOPLIST_FILE = swiftuikit/Info.plist;
				INFOPLIST_KEY_UIApplicationSupportsIndirectInputEvents = YES;
				INFOPLIST_KEY_UILaunchStoryboardName = LaunchScreen;
				INFOPLIST_KEY_UISupportedInterfaceOrientations_iPad = "UIInterfaceOrientationPortrait UIInterfaceOrientationPortraitUpsideDown UIInterfaceOrientationLandscapeLeft UIInterfaceOrientationLandscapeRight";
				INFOPLIST_KEY_UISupportedInterfaceOrientations_iPhone = "UIInterfaceOrientationPortrait UIInterfaceOrientationLandscapeLeft UIInterfaceOrientationLandscapeRight";
				LD_RUNPATH_SEARCH_PATHS = (
					"$(inherited)",
					"@executable_path/Frameworks",
				);
				MARKETING_VERSION = 1.0;
				PRODUCT_BUNDLE_IDENTIFIER = test.swiftuikit;
				PRODUCT_NAME = "$(TARGET_NAME)";
				SWIFT_EMIT_LOC_STRINGS = YES;
				SWIFT_VERSION = 5.0;
				TARGETED_DEVICE_FAMILY = "1,2";
			};
			name = Release;
		};
		163C559429E67B390083DEE5 /* Debug */ = {
			isa = XCBuildConfiguration;
			buildSettings = {
				ALWAYS_EMBED_SWIFT_STANDARD_LIBRARIES = YES;
				BUNDLE_LOADER = "$(TEST_HOST)";
				CODE_SIGN_STYLE = Automatic;
				CURRENT_PROJECT_VERSION = 1;
				GENERATE_INFOPLIST_FILE = YES;
				IPHONEOS_DEPLOYMENT_TARGET = 16.2;
				MARKETING_VERSION = 1.0;
				PRODUCT_BUNDLE_IDENTIFIER = test.swiftuikitTests;
				PRODUCT_NAME = "$(TARGET_NAME)";
				SWIFT_EMIT_LOC_STRINGS = NO;
				SWIFT_VERSION = 5.0;
				TARGETED_DEVICE_FAMILY = "1,2";
				TEST_HOST = "$(BUILT_PRODUCTS_DIR)/swiftuikit.app/$(BUNDLE_EXECUTABLE_FOLDER_PATH)/swiftuikit";
			};
			name = Debug;
		};
		163C559529E67B390083DEE5 /* Release */ = {
			isa = XCBuildConfiguration;
			buildSettings = {
				ALWAYS_EMBED_SWIFT_STANDARD_LIBRARIES = YES;
				BUNDLE_LOADER = "$(TEST_HOST)";
				CODE_SIGN_STYLE = Automatic;
				CURRENT_PROJECT_VERSION = 1;
				GENERATE_INFOPLIST_FILE = YES;
				IPHONEOS_DEPLOYMENT_TARGET = 16.2;
				MARKETING_VERSION = 1.0;
				PRODUCT_BUNDLE_IDENTIFIER = test.swiftuikitTests;
				PRODUCT_NAME = "$(TARGET_NAME)";
				SWIFT_EMIT_LOC_STRINGS = NO;
				SWIFT_VERSION = 5.0;
				TARGETED_DEVICE_FAMILY = "1,2";
				TEST_HOST = "$(BUILT_PRODUCTS_DIR)/swiftuikit.app/$(BUNDLE_EXECUTABLE_FOLDER_PATH)/swiftuikit";
			};
			name = Release;
		};
		163C559729E67B390083DEE5 /* Debug */ = {
			isa = XCBuildConfiguration;
			buildSettings = {
				ALWAYS_EMBED_SWIFT_STANDARD_LIBRARIES = YES;
				CODE_SIGN_STYLE = Automatic;
				CURRENT_PROJECT_VERSION = 1;
				GENERATE_INFOPLIST_FILE = YES;
				MARKETING_VERSION = 1.0;
				PRODUCT_BUNDLE_IDENTIFIER = test.swiftuikitUITests;
				PRODUCT_NAME = "$(TARGET_NAME)";
				SWIFT_EMIT_LOC_STRINGS = NO;
				SWIFT_VERSION = 5.0;
				TARGETED_DEVICE_FAMILY = "1,2";
				TEST_TARGET_NAME = swiftuikit;
			};
			name = Debug;
		};
		163C559829E67B390083DEE5 /* Release */ = {
			isa = XCBuildConfiguration;
			buildSettings = {
				ALWAYS_EMBED_SWIFT_STANDARD_LIBRARIES = YES;
				CODE_SIGN_STYLE = Automatic;
				CURRENT_PROJECT_VERSION = 1;
				GENERATE_INFOPLIST_FILE = YES;
				MARKETING_VERSION = 1.0;
				PRODUCT_BUNDLE_IDENTIFIER = test.swiftuikitUITests;
				PRODUCT_NAME = "$(TARGET_NAME)";
				SWIFT_EMIT_LOC_STRINGS = NO;
				SWIFT_VERSION = 5.0;
				TARGETED_DEVICE_FAMILY = "1,2";
				TEST_TARGET_NAME = swiftuikit;
			};
			name = Release;
		};
/* End XCBuildConfiguration section */

/* Begin XCConfigurationList section */
		163C556129E67B380083DEE5 /* Build configuration list for PBXProject "swiftuikit" */ = {
			isa = XCConfigurationList;
			buildConfigurations = (
				163C558E29E67B390083DEE5 /* Debug */,
				163C558F29E67B390083DEE5 /* Release */,
			);
			defaultConfigurationIsVisible = 0;
			defaultConfigurationName = Release;
		};
		163C559029E67B390083DEE5 /* Build configuration list for PBXNativeTarget "swiftuikit" */ = {
			isa = XCConfigurationList;
			buildConfigurations = (
				163C559129E67B390083DEE5 /* Debug */,
				163C559229E67B390083DEE5 /* Release */,
			);
			defaultConfigurationIsVisible = 0;
			defaultConfigurationName = Release;
		};
		163C559329E67B390083DEE5 /* Build configuration list for PBXNativeTarget "swiftuikitTests" */ = {
			isa = XCConfigurationList;
			buildConfigurations = (
				163C559429E67B390083DEE5 /* Debug */,
				163C559529E67B390083DEE5 /* Release */,
			);
			defaultConfigurationIsVisible = 0;
			defaultConfigurationName = Release;
		};
		163C559629E67B390083DEE5 /* Build configuration list for PBXNativeTarget "swiftuikitUITests" */ = {
			isa = XCConfigurationList;
			buildConfigurations = (
				163C559729E67B390083DEE5 /* Debug */,
				163C559829E67B390083DEE5 /* Release */,
			);
			defaultConfigurationIsVisible = 0;
			defaultConfigurationName = Release;
		};
/* End XCConfigurationList section */
	};
	rootObject = 163C555E29E67B380083DEE5 /* Project object */;
}
